// !$*UTF8*$!
{
	archiveVersion = 1;
	classes = {
	};
	objectVersion = 48;
	objects = {

/* Begin PBXBuildFile section */
		326B088F205DDE0E0023051D /* donnees.cpp in Sources */ = {isa = PBXBuildFile; fileRef = 326B088D205DDE0E0023051D /* donnees.cpp */; };
		326B0892205DDE400023051D /* ensembleDonnees1.cpp in Sources */ = {isa = PBXBuildFile; fileRef = 326B0890205DDE400023051D /* ensembleDonnees1.cpp */; };
		326B0895205DDE520023051D /* ensembleDonnees2.cpp in Sources */ = {isa = PBXBuildFile; fileRef = 326B0893205DDE520023051D /* ensembleDonnees2.cpp */; };
		326B0898205DDE680023051D /* resultat.cpp in Sources */ = {isa = PBXBuildFile; fileRef = 326B0896205DDE680023051D /* resultat.cpp */; };
		326B089B205DDE800023051D /* regle.cpp in Sources */ = {isa = PBXBuildFile; fileRef = 326B0899205DDE800023051D /* regle.cpp */; };
		326B089E205DDE8E0023051D /* regleModification.cpp in Sources */ = {isa = PBXBuildFile; fileRef = 326B089C205DDE8E0023051D /* regleModification.cpp */; };
		326B08A1205DDEA00023051D /* regleDebut.cpp in Sources */ = {isa = PBXBuildFile; fileRef = 326B089F205DDEA00023051D /* regleDebut.cpp */; };
		326B08A4205DDEAB0023051D /* regleFin.cpp in Sources */ = {isa = PBXBuildFile; fileRef = 326B08A2205DDEAB0023051D /* regleFin.cpp */; };
		326B08A7205DDEBB0023051D /* r1.cpp in Sources */ = {isa = PBXBuildFile; fileRef = 326B08A5205DDEBB0023051D /* r1.cpp */; };
		326B08AA205DDEEF0023051D /* r2.cpp in Sources */ = {isa = PBXBuildFile; fileRef = 326B08A8205DDEEF0023051D /* r2.cpp */; };
		326B08AD205DDEFB0023051D /* r3.cpp in Sources */ = {isa = PBXBuildFile; fileRef = 326B08AB205DDEFB0023051D /* r3.cpp */; };
		326B08B0205DDF0E0023051D /* r4.cpp in Sources */ = {isa = PBXBuildFile; fileRef = 326B08AE205DDF0E0023051D /* r4.cpp */; };
		326B08B3205DDF1C0023051D /* r5.cpp in Sources */ = {isa = PBXBuildFile; fileRef = 326B08B1205DDF1C0023051D /* r5.cpp */; };
		326B08B6205DDF250023051D /* r6.cpp in Sources */ = {isa = PBXBuildFile; fileRef = 326B08B4205DDF250023051D /* r6.cpp */; };
		326E97E7205C98A900302C2F /* main.cpp in Sources */ = {isa = PBXBuildFile; fileRef = 326E97E6205C98A900302C2F /* main.cpp */; };
		8F0F5665205F161200E7AADD /* PlanTest.cpp in Sources */ = {isa = PBXBuildFile; fileRef = 8F0F5664205F161200E7AADD /* PlanTest.cpp */; };
		8F0F5668205F1F8600E7AADD /* PlanTestExtreme.cpp in Sources */ = {isa = PBXBuildFile; fileRef = 8F0F5667205F1F8600E7AADD /* PlanTestExtreme.cpp */; };
		8F0F566B205F205600E7AADD /* PlanTestControle.cpp in Sources */ = {isa = PBXBuildFile; fileRef = 8F0F566A205F205600E7AADD /* PlanTestControle.cpp */; };
/* End PBXBuildFile section */

/* Begin PBXCopyFilesBuildPhase section */
		326E97E1205C98A900302C2F /* CopyFiles */ = {
			isa = PBXCopyFilesBuildPhase;
			buildActionMask = 2147483647;
			dstPath = /usr/share/man/man1/;
			dstSubfolderSpec = 0;
			files = (
			);
			runOnlyForDeploymentPostprocessing = 1;
		};
/* End PBXCopyFilesBuildPhase section */

/* Begin PBXFileReference section */
		326B088D205DDE0E0023051D /* donnees.cpp */ = {isa = PBXFileReference; lastKnownFileType = sourcecode.cpp.cpp; path = donnees.cpp; sourceTree = "<group>"; };
		326B088E205DDE0E0023051D /* donnees.h */ = {isa = PBXFileReference; lastKnownFileType = sourcecode.c.h; path = donnees.h; sourceTree = "<group>"; };
		326B0890205DDE400023051D /* ensembleDonnees1.cpp */ = {isa = PBXFileReference; lastKnownFileType = sourcecode.cpp.cpp; path = ensembleDonnees1.cpp; sourceTree = "<group>"; };
		326B0891205DDE400023051D /* ensembleDonnees1.h */ = {isa = PBXFileReference; lastKnownFileType = sourcecode.c.h; path = ensembleDonnees1.h; sourceTree = "<group>"; };
		326B0893205DDE520023051D /* ensembleDonnees2.cpp */ = {isa = PBXFileReference; lastKnownFileType = sourcecode.cpp.cpp; path = ensembleDonnees2.cpp; sourceTree = "<group>"; };
		326B0894205DDE520023051D /* ensembleDonnees2.h */ = {isa = PBXFileReference; lastKnownFileType = sourcecode.c.h; path = ensembleDonnees2.h; sourceTree = "<group>"; };
		326B0896205DDE680023051D /* resultat.cpp */ = {isa = PBXFileReference; lastKnownFileType = sourcecode.cpp.cpp; path = resultat.cpp; sourceTree = "<group>"; };
		326B0897205DDE680023051D /* resultat.h */ = {isa = PBXFileReference; lastKnownFileType = sourcecode.c.h; path = resultat.h; sourceTree = "<group>"; };
		326B0899205DDE800023051D /* regle.cpp */ = {isa = PBXFileReference; lastKnownFileType = sourcecode.cpp.cpp; path = regle.cpp; sourceTree = "<group>"; };
		326B089A205DDE800023051D /* regle.h */ = {isa = PBXFileReference; lastKnownFileType = sourcecode.c.h; path = regle.h; sourceTree = "<group>"; };
		326B089C205DDE8E0023051D /* regleModification.cpp */ = {isa = PBXFileReference; lastKnownFileType = sourcecode.cpp.cpp; path = regleModification.cpp; sourceTree = "<group>"; };
		326B089D205DDE8E0023051D /* regleModification.h */ = {isa = PBXFileReference; lastKnownFileType = sourcecode.c.h; path = regleModification.h; sourceTree = "<group>"; };
		326B089F205DDEA00023051D /* regleDebut.cpp */ = {isa = PBXFileReference; lastKnownFileType = sourcecode.cpp.cpp; path = regleDebut.cpp; sourceTree = "<group>"; };
		326B08A0205DDEA00023051D /* regleDebut.h */ = {isa = PBXFileReference; lastKnownFileType = sourcecode.c.h; path = regleDebut.h; sourceTree = "<group>"; };
		326B08A2205DDEAB0023051D /* regleFin.cpp */ = {isa = PBXFileReference; lastKnownFileType = sourcecode.cpp.cpp; path = regleFin.cpp; sourceTree = "<group>"; };
		326B08A3205DDEAB0023051D /* regleFin.h */ = {isa = PBXFileReference; lastKnownFileType = sourcecode.c.h; path = regleFin.h; sourceTree = "<group>"; };
		326B08A5205DDEBB0023051D /* r1.cpp */ = {isa = PBXFileReference; lastKnownFileType = sourcecode.cpp.cpp; path = r1.cpp; sourceTree = "<group>"; };
		326B08A6205DDEBB0023051D /* r1.h */ = {isa = PBXFileReference; lastKnownFileType = sourcecode.c.h; path = r1.h; sourceTree = "<group>"; };
		326B08A8205DDEEF0023051D /* r2.cpp */ = {isa = PBXFileReference; lastKnownFileType = sourcecode.cpp.cpp; path = r2.cpp; sourceTree = "<group>"; };
		326B08A9205DDEEF0023051D /* r2.h */ = {isa = PBXFileReference; lastKnownFileType = sourcecode.c.h; path = r2.h; sourceTree = "<group>"; };
		326B08AB205DDEFB0023051D /* r3.cpp */ = {isa = PBXFileReference; lastKnownFileType = sourcecode.cpp.cpp; path = r3.cpp; sourceTree = "<group>"; };
		326B08AC205DDEFB0023051D /* r3.h */ = {isa = PBXFileReference; lastKnownFileType = sourcecode.c.h; path = r3.h; sourceTree = "<group>"; };
		326B08AE205DDF0E0023051D /* r4.cpp */ = {isa = PBXFileReference; lastKnownFileType = sourcecode.cpp.cpp; path = r4.cpp; sourceTree = "<group>"; };
		326B08AF205DDF0E0023051D /* r4.h */ = {isa = PBXFileReference; lastKnownFileType = sourcecode.c.h; path = r4.h; sourceTree = "<group>"; };
		326B08B1205DDF1C0023051D /* r5.cpp */ = {isa = PBXFileReference; lastKnownFileType = sourcecode.cpp.cpp; path = r5.cpp; sourceTree = "<group>"; };
		326B08B2205DDF1C0023051D /* r5.h */ = {isa = PBXFileReference; lastKnownFileType = sourcecode.c.h; path = r5.h; sourceTree = "<group>"; };
		326B08B4205DDF250023051D /* r6.cpp */ = {isa = PBXFileReference; lastKnownFileType = sourcecode.cpp.cpp; path = r6.cpp; sourceTree = "<group>"; };
		326B08B5205DDF250023051D /* r6.h */ = {isa = PBXFileReference; lastKnownFileType = sourcecode.c.h; path = r6.h; sourceTree = "<group>"; };
		326E97E3205C98A900302C2F /* lesRegles */ = {isa = PBXFileReference; explicitFileType = "compiled.mach-o.executable"; includeInIndex = 0; path = lesRegles; sourceTree = BUILT_PRODUCTS_DIR; };
		326E97E6205C98A900302C2F /* main.cpp */ = {isa = PBXFileReference; lastKnownFileType = sourcecode.cpp.cpp; path = main.cpp; sourceTree = "<group>"; };
		8F0F5664205F161200E7AADD /* PlanTest.cpp */ = {isa = PBXFileReference; lastKnownFileType = sourcecode.cpp.cpp; path = PlanTest.cpp; sourceTree = "<group>"; };
		8F0F5666205F163200E7AADD /* PlanTest.h */ = {isa = PBXFileReference; lastKnownFileType = sourcecode.c.h; path = PlanTest.h; sourceTree = "<group>"; };
		8F0F5667205F1F8600E7AADD /* PlanTestExtreme.cpp */ = {isa = PBXFileReference; lastKnownFileType = sourcecode.cpp.cpp; path = PlanTestExtreme.cpp; sourceTree = "<group>"; };
		8F0F5669205F1F9600E7AADD /* PlanTestExtreme.h */ = {isa = PBXFileReference; lastKnownFileType = sourcecode.c.h; path = PlanTestExtreme.h; sourceTree = "<group>"; };
		8F0F566A205F205600E7AADD /* PlanTestControle.cpp */ = {isa = PBXFileReference; lastKnownFileType = sourcecode.cpp.cpp; path = PlanTestControle.cpp; sourceTree = "<group>"; };
		8F0F566C205F206300E7AADD /* PlanTestControle.h */ = {isa = PBXFileReference; lastKnownFileType = sourcecode.c.h; path = PlanTestControle.h; sourceTree = "<group>"; };
/* End PBXFileReference section */

/* Begin PBXFrameworksBuildPhase section */
		326E97E0205C98A900302C2F /* Frameworks */ = {
			isa = PBXFrameworksBuildPhase;
			buildActionMask = 2147483647;
			files = (
			);
			runOnlyForDeploymentPostprocessing = 0;
		};
/* End PBXFrameworksBuildPhase section */

/* Begin PBXGroup section */
		326E97DA205C98A900302C2F = {
			isa = PBXGroup;
			children = (
				326E97E5205C98A900302C2F /* lesRegles */,
				326E97E4205C98A900302C2F /* Products */,
			);
			sourceTree = "<group>";
		};
		326E97E4205C98A900302C2F /* Products */ = {
			isa = PBXGroup;
			children = (
				326E97E3205C98A900302C2F /* lesRegles */,
			);
			name = Products;
			sourceTree = "<group>";
		};
		326E97E5205C98A900302C2F /* lesRegles */ = {
			isa = PBXGroup;
			children = (
				326E97E6205C98A900302C2F /* main.cpp */,
				326B088D205DDE0E0023051D /* donnees.cpp */,
				326B088E205DDE0E0023051D /* donnees.h */,
				326B0890205DDE400023051D /* ensembleDonnees1.cpp */,
				326B0891205DDE400023051D /* ensembleDonnees1.h */,
				326B0893205DDE520023051D /* ensembleDonnees2.cpp */,
				326B0894205DDE520023051D /* ensembleDonnees2.h */,
				326B0896205DDE680023051D /* resultat.cpp */,
				326B0897205DDE680023051D /* resultat.h */,
				326B0899205DDE800023051D /* regle.cpp */,
				326B089A205DDE800023051D /* regle.h */,
				326B089C205DDE8E0023051D /* regleModification.cpp */,
				326B089D205DDE8E0023051D /* regleModification.h */,
				326B089F205DDEA00023051D /* regleDebut.cpp */,
				326B08A0205DDEA00023051D /* regleDebut.h */,
				326B08A2205DDEAB0023051D /* regleFin.cpp */,
				326B08A3205DDEAB0023051D /* regleFin.h */,
				326B08A5205DDEBB0023051D /* r1.cpp */,
				326B08A6205DDEBB0023051D /* r1.h */,
				326B08A8205DDEEF0023051D /* r2.cpp */,
				326B08A9205DDEEF0023051D /* r2.h */,
				326B08AB205DDEFB0023051D /* r3.cpp */,
				326B08AC205DDEFB0023051D /* r3.h */,
				326B08AE205DDF0E0023051D /* r4.cpp */,
				326B08AF205DDF0E0023051D /* r4.h */,
				326B08B1205DDF1C0023051D /* r5.cpp */,
				326B08B2205DDF1C0023051D /* r5.h */,
				326B08B4205DDF250023051D /* r6.cpp */,
				326B08B5205DDF250023051D /* r6.h */,
				8F0F5664205F161200E7AADD /* PlanTest.cpp */,
				8F0F5666205F163200E7AADD /* PlanTest.h */,
				8F0F5667205F1F8600E7AADD /* PlanTestExtreme.cpp */,
				8F0F5669205F1F9600E7AADD /* PlanTestExtreme.h */,
				8F0F566A205F205600E7AADD /* PlanTestControle.cpp */,
				8F0F566C205F206300E7AADD /* PlanTestControle.h */,
			);
			path = lesRegles;
			sourceTree = "<group>";
		};
/* End PBXGroup section */

/* Begin PBXNativeTarget section */
		326E97E2205C98A900302C2F /* lesRegles */ = {
			isa = PBXNativeTarget;
			buildConfigurationList = 326E97EA205C98A900302C2F /* Build configuration list for PBXNativeTarget "lesRegles" */;
			buildPhases = (
				326E97DF205C98A900302C2F /* Sources */,
				326E97E0205C98A900302C2F /* Frameworks */,
				326E97E1205C98A900302C2F /* CopyFiles */,
			);
			buildRules = (
			);
			dependencies = (
			);
			name = lesRegles;
			productName = lesRegles;
			productReference = 326E97E3205C98A900302C2F /* lesRegles */;
			productType = "com.apple.product-type.tool";
		};
/* End PBXNativeTarget section */

/* Begin PBXProject section */
		326E97DB205C98A900302C2F /* Project object */ = {
			isa = PBXProject;
			attributes = {
				LastUpgradeCheck = 0920;
				ORGANIZATIONNAME = "Arthur Giraud";
				TargetAttributes = {
					326E97E2205C98A900302C2F = {
						CreatedOnToolsVersion = 9.2;
						ProvisioningStyle = Automatic;
					};
				};
			};
			buildConfigurationList = 326E97DE205C98A900302C2F /* Build configuration list for PBXProject "lesRegles" */;
			compatibilityVersion = "Xcode 8.0";
			developmentRegion = en;
			hasScannedForEncodings = 0;
			knownRegions = (
				en,
			);
			mainGroup = 326E97DA205C98A900302C2F;
			productRefGroup = 326E97E4205C98A900302C2F /* Products */;
			projectDirPath = "";
			projectRoot = "";
			targets = (
				326E97E2205C98A900302C2F /* lesRegles */,
			);
		};
/* End PBXProject section */

/* Begin PBXSourcesBuildPhase section */
		326E97DF205C98A900302C2F /* Sources */ = {
			isa = PBXSourcesBuildPhase;
			buildActionMask = 2147483647;
			files = (
				326B08B0205DDF0E0023051D /* r4.cpp in Sources */,
				8F0F5668205F1F8600E7AADD /* PlanTestExtreme.cpp in Sources */,
				326B08A7205DDEBB0023051D /* r1.cpp in Sources */,
				326B08B3205DDF1C0023051D /* r5.cpp in Sources */,
				326B0892205DDE400023051D /* ensembleDonnees1.cpp in Sources */,
				326B08AA205DDEEF0023051D /* r2.cpp in Sources */,
				8F0F566B205F205600E7AADD /* PlanTestControle.cpp in Sources */,
				326B089B205DDE800023051D /* regle.cpp in Sources */,
				326B08AD205DDEFB0023051D /* r3.cpp in Sources */,
				326B08A1205DDEA00023051D /* regleDebut.cpp in Sources */,
				8F0F5665205F161200E7AADD /* PlanTest.cpp in Sources */,
				326B088F205DDE0E0023051D /* donnees.cpp in Sources */,
				326B089E205DDE8E0023051D /* regleModification.cpp in Sources */,
				326B08B6205DDF250023051D /* r6.cpp in Sources */,
				326B08A4205DDEAB0023051D /* regleFin.cpp in Sources */,
				326B0895205DDE520023051D /* ensembleDonnees2.cpp in Sources */,
				326B0898205DDE680023051D /* resultat.cpp in Sources */,
				326E97E7205C98A900302C2F /* main.cpp in Sources */,
			);
			runOnlyForDeploymentPostprocessing = 0;
		};
/* End PBXSourcesBuildPhase section */

/* Begin XCBuildConfiguration section */
		326E97E8205C98A900302C2F /* Debug */ = {
			isa = XCBuildConfiguration;
			buildSettings = {
				ALWAYS_SEARCH_USER_PATHS = NO;
				CLANG_ANALYZER_NONNULL = YES;
				CLANG_ANALYZER_NUMBER_OBJECT_CONVERSION = YES_AGGRESSIVE;
				CLANG_CXX_LANGUAGE_STANDARD = "gnu++14";
				CLANG_CXX_LIBRARY = "libc++";
				CLANG_ENABLE_MODULES = YES;
				CLANG_ENABLE_OBJC_ARC = YES;
				CLANG_WARN_BLOCK_CAPTURE_AUTORELEASING = YES;
				CLANG_WARN_BOOL_CONVERSION = YES;
				CLANG_WARN_COMMA = YES;
				CLANG_WARN_CONSTANT_CONVERSION = YES;
				CLANG_WARN_DIRECT_OBJC_ISA_USAGE = YES_ERROR;
				CLANG_WARN_DOCUMENTATION_COMMENTS = YES;
				CLANG_WARN_EMPTY_BODY = YES;
				CLANG_WARN_ENUM_CONVERSION = YES;
				CLANG_WARN_INFINITE_RECURSION = YES;
				CLANG_WARN_INT_CONVERSION = YES;
				CLANG_WARN_NON_LITERAL_NULL_CONVERSION = YES;
				CLANG_WARN_OBJC_LITERAL_CONVERSION = YES;
				CLANG_WARN_OBJC_ROOT_CLASS = YES_ERROR;
				CLANG_WARN_RANGE_LOOP_ANALYSIS = YES;
				CLANG_WARN_STRICT_PROTOTYPES = YES;
				CLANG_WARN_SUSPICIOUS_MOVE = YES;
				CLANG_WARN_UNGUARDED_AVAILABILITY = YES_AGGRESSIVE;
				CLANG_WARN_UNREACHABLE_CODE = YES;
				CLANG_WARN__DUPLICATE_METHOD_MATCH = YES;
				CODE_SIGN_IDENTITY = "-";
				COPY_PHASE_STRIP = NO;
				DEBUG_INFORMATION_FORMAT = dwarf;
				ENABLE_STRICT_OBJC_MSGSEND = YES;
				ENABLE_TESTABILITY = YES;
				GCC_C_LANGUAGE_STANDARD = gnu11;
				GCC_DYNAMIC_NO_PIC = NO;
				GCC_NO_COMMON_BLOCKS = YES;
				GCC_OPTIMIZATION_LEVEL = 0;
				GCC_PREPROCESSOR_DEFINITIONS = (
					"DEBUG=1",
					"$(inherited)",
				);
				GCC_WARN_64_TO_32_BIT_CONVERSION = YES;
				GCC_WARN_ABOUT_RETURN_TYPE = YES_ERROR;
				GCC_WARN_UNDECLARED_SELECTOR = YES;
				GCC_WARN_UNINITIALIZED_AUTOS = YES_AGGRESSIVE;
				GCC_WARN_UNUSED_FUNCTION = YES;
				GCC_WARN_UNUSED_VARIABLE = YES;
				MACOSX_DEPLOYMENT_TARGET = 10.13;
				MTL_ENABLE_DEBUG_INFO = YES;
				ONLY_ACTIVE_ARCH = YES;
				SDKROOT = macosx;
			};
			name = Debug;
		};
		326E97E9205C98A900302C2F /* Release */ = {
			isa = XCBuildConfiguration;
			buildSettings = {
				ALWAYS_SEARCH_USER_PATHS = NO;
				CLANG_ANALYZER_NONNULL = YES;
				CLANG_ANALYZER_NUMBER_OBJECT_CONVERSION = YES_AGGRESSIVE;
				CLANG_CXX_LANGUAGE_STANDARD = "gnu++14";
				CLANG_CXX_LIBRARY = "libc++";
				CLANG_ENABLE_MODULES = YES;
				CLANG_ENABLE_OBJC_ARC = YES;
				CLANG_WARN_BLOCK_CAPTURE_AUTORELEASING = YES;
				CLANG_WARN_BOOL_CONVERSION = YES;
				CLANG_WARN_COMMA = YES;
				CLANG_WARN_CONSTANT_CONVERSION = YES;
				CLANG_WARN_DIRECT_OBJC_ISA_USAGE = YES_ERROR;
				CLANG_WARN_DOCUMENTATION_COMMENTS = YES;
				CLANG_WARN_EMPTY_BODY = YES;
				CLANG_WARN_ENUM_CONVERSION = YES;
				CLANG_WARN_INFINITE_RECURSION = YES;
				CLANG_WARN_INT_CONVERSION = YES;
				CLANG_WARN_NON_LITERAL_NULL_CONVERSION = YES;
				CLANG_WARN_OBJC_LITERAL_CONVERSION = YES;
				CLANG_WARN_OBJC_ROOT_CLASS = YES_ERROR;
				CLANG_WARN_RANGE_LOOP_ANALYSIS = YES;
				CLANG_WARN_STRICT_PROTOTYPES = YES;
				CLANG_WARN_SUSPICIOUS_MOVE = YES;
				CLANG_WARN_UNGUARDED_AVAILABILITY = YES_AGGRESSIVE;
				CLANG_WARN_UNREACHABLE_CODE = YES;
				CLANG_WARN__DUPLICATE_METHOD_MATCH = YES;
				CODE_SIGN_IDENTITY = "-";
				COPY_PHASE_STRIP = NO;
				DEBUG_INFORMATION_FORMAT = "dwarf-with-dsym";
				ENABLE_NS_ASSERTIONS = NO;
				ENABLE_STRICT_OBJC_MSGSEND = YES;
				GCC_C_LANGUAGE_STANDARD = gnu11;
				GCC_NO_COMMON_BLOCKS = YES;
				GCC_WARN_64_TO_32_BIT_CONVERSION = YES;
				GCC_WARN_ABOUT_RETURN_TYPE = YES_ERROR;
				GCC_WARN_UNDECLARED_SELECTOR = YES;
				GCC_WARN_UNINITIALIZED_AUTOS = YES_AGGRESSIVE;
				GCC_WARN_UNUSED_FUNCTION = YES;
				GCC_WARN_UNUSED_VARIABLE = YES;
				MACOSX_DEPLOYMENT_TARGET = 10.13;
				MTL_ENABLE_DEBUG_INFO = NO;
				SDKROOT = macosx;
			};
			name = Release;
		};
		326E97EB205C98A900302C2F /* Debug */ = {
			isa = XCBuildConfiguration;
			buildSettings = {
				CODE_SIGN_STYLE = Automatic;
				PRODUCT_NAME = "$(TARGET_NAME)";
			};
			name = Debug;
		};
		326E97EC205C98A900302C2F /* Release */ = {
			isa = XCBuildConfiguration;
			buildSettings = {
				CODE_SIGN_STYLE = Automatic;
				PRODUCT_NAME = "$(TARGET_NAME)";
			};
			name = Release;
		};
/* End XCBuildConfiguration section */

/* Begin XCConfigurationList section */
		326E97DE205C98A900302C2F /* Build configuration list for PBXProject "lesRegles" */ = {
			isa = XCConfigurationList;
			buildConfigurations = (
				326E97E8205C98A900302C2F /* Debug */,
				326E97E9205C98A900302C2F /* Release */,
			);
			defaultConfigurationIsVisible = 0;
			defaultConfigurationName = Release;
		};
		326E97EA205C98A900302C2F /* Build configuration list for PBXNativeTarget "lesRegles" */ = {
			isa = XCConfigurationList;
			buildConfigurations = (
				326E97EB205C98A900302C2F /* Debug */,
				326E97EC205C98A900302C2F /* Release */,
			);
			defaultConfigurationIsVisible = 0;
			defaultConfigurationName = Release;
		};
/* End XCConfigurationList section */
	};
	rootObject = 326E97DB205C98A900302C2F /* Project object */;
}
